
Microsoft Visual Studio Solution File, Format Version 12.00
# Visual Studio Version 17
VisualStudioVersion = 17.0.31903.59
MinimumVisualStudioVersion = 10.0.40219.1
Project("{2150E333-8FDC-42A3-9474-1A3956D46DE8}") = "Day", "Day", "{7AF61D53-3D64-4522-BE49-E45ABC329CC2}"
EndProject
Project("{2150E333-8FDC-42A3-9474-1A3956D46DE8}") = "01", "01", "{05DAD43F-5E5F-4206-9EE4-D7D1ADD5BF90}"
EndProject
Project("{2150E333-8FDC-42A3-9474-1A3956D46DE8}") = "src", "src", "{B4DE0A9F-257F-4A60-8FF2-35F2A47FE21B}"
EndProject
Project("{FAE04EC0-301F-11D3-BF4B-00C04F79EFBC}") = "Trebuchet", "Day\01\src\console\Trebuchet.csproj", "{B1F24847-EFBF-4C2E-9DFF-8819AAA3BFE0}"
EndProject
Project("{2150E333-8FDC-42A3-9474-1A3956D46DE8}") = "02", "02", "{68CD83BB-9237-4147-A6B9-7B4E8EFBC15A}"
EndProject
Project("{2150E333-8FDC-42A3-9474-1A3956D46DE8}") = "src", "src", "{A7082CE8-49F7-4F15-963D-3677A2CF70F8}"
EndProject
Project("{FAE04EC0-301F-11D3-BF4B-00C04F79EFBC}") = "CubeConundrum", "Day\02\src\console\CubeConundrum.csproj", "{D4099E57-415A-4552-9577-D00EDF36180C}"
EndProject
Project("{2150E333-8FDC-42A3-9474-1A3956D46DE8}") = "03", "03", "{5B79BA3E-04D5-4A51-9565-1735F5DF1261}"
EndProject
Project("{2150E333-8FDC-42A3-9474-1A3956D46DE8}") = "src", "src", "{E6432BF1-0123-46D8-A53F-1F3ABE397EF1}"
EndProject
Project("{FAE04EC0-301F-11D3-BF4B-00C04F79EFBC}") = "GearRatios", "Day\03\src\console\GearRatios.csproj", "{07A2D112-0F02-4A9D-AC30-45CF6A54E926}"
EndProject
Project("{2150E333-8FDC-42A3-9474-1A3956D46DE8}") = "04", "04", "{B45FF049-AA72-4B70-87D7-FC40984A6F6E}"
EndProject
Project("{2150E333-8FDC-42A3-9474-1A3956D46DE8}") = "src", "src", "{44F62866-E5B7-4FFC-91CF-4CD6566D0E0E}"
EndProject
Project("{FAE04EC0-301F-11D3-BF4B-00C04F79EFBC}") = "Scratchcards", "Day\04\src\console\Scratchcards.csproj", "{94D9C49A-839A-4FED-85F3-9BE6AEC88688}"
EndProject
Project("{2150E333-8FDC-42A3-9474-1A3956D46DE8}") = "05", "05", "{7D0142CD-F554-42AE-9685-18BD67AAA00A}"
EndProject
Project("{2150E333-8FDC-42A3-9474-1A3956D46DE8}") = "src", "src", "{3ADE0CB0-5D11-4AA9-9D23-C563FBF84FC9}"
EndProject
Project("{FAE04EC0-301F-11D3-BF4B-00C04F79EFBC}") = "Seeds", "Day\05\src\console\Seeds.csproj", "{0C5C7A78-2087-463E-B593-3297F0DF0E07}"
EndProject
Project("{2150E333-8FDC-42A3-9474-1A3956D46DE8}") = "06", "06", "{9B5329EA-E4DA-4EFE-B9AD-3F1CAACF6B7D}"
EndProject
Project("{2150E333-8FDC-42A3-9474-1A3956D46DE8}") = "src", "src", "{E7E43630-E77C-4397-A9D6-4DE4D0BF0923}"
EndProject
Project("{FAE04EC0-301F-11D3-BF4B-00C04F79EFBC}") = "Race", "Day\06\src\console\Race.csproj", "{D61AEA50-CC79-40CD-AD8D-80EF67961741}"
EndProject
Global
	GlobalSection(SolutionConfigurationPlatforms) = preSolution
		Debug|Any CPU = Debug|Any CPU
		Release|Any CPU = Release|Any CPU
	EndGlobalSection
	GlobalSection(SolutionProperties) = preSolution
		HideSolutionNode = FALSE
	EndGlobalSection
	GlobalSection(ProjectConfigurationPlatforms) = postSolution
		{B1F24847-EFBF-4C2E-9DFF-8819AAA3BFE0}.Debug|Any CPU.ActiveCfg = Debug|Any CPU
		{B1F24847-EFBF-4C2E-9DFF-8819AAA3BFE0}.Debug|Any CPU.Build.0 = Debug|Any CPU
		{B1F24847-EFBF-4C2E-9DFF-8819AAA3BFE0}.Release|Any CPU.ActiveCfg = Release|Any CPU
		{B1F24847-EFBF-4C2E-9DFF-8819AAA3BFE0}.Release|Any CPU.Build.0 = Release|Any CPU
		{D4099E57-415A-4552-9577-D00EDF36180C}.Debug|Any CPU.ActiveCfg = Debug|Any CPU
		{D4099E57-415A-4552-9577-D00EDF36180C}.Debug|Any CPU.Build.0 = Debug|Any CPU
		{D4099E57-415A-4552-9577-D00EDF36180C}.Release|Any CPU.ActiveCfg = Release|Any CPU
		{D4099E57-415A-4552-9577-D00EDF36180C}.Release|Any CPU.Build.0 = Release|Any CPU
		{07A2D112-0F02-4A9D-AC30-45CF6A54E926}.Debug|Any CPU.ActiveCfg = Debug|Any CPU
		{07A2D112-0F02-4A9D-AC30-45CF6A54E926}.Debug|Any CPU.Build.0 = Debug|Any CPU
		{07A2D112-0F02-4A9D-AC30-45CF6A54E926}.Release|Any CPU.ActiveCfg = Release|Any CPU
		{07A2D112-0F02-4A9D-AC30-45CF6A54E926}.Release|Any CPU.Build.0 = Release|Any CPU
		{94D9C49A-839A-4FED-85F3-9BE6AEC88688}.Debug|Any CPU.ActiveCfg = Debug|Any CPU
		{94D9C49A-839A-4FED-85F3-9BE6AEC88688}.Debug|Any CPU.Build.0 = Debug|Any CPU
		{94D9C49A-839A-4FED-85F3-9BE6AEC88688}.Release|Any CPU.ActiveCfg = Release|Any CPU
		{94D9C49A-839A-4FED-85F3-9BE6AEC88688}.Release|Any CPU.Build.0 = Release|Any CPU
		{0C5C7A78-2087-463E-B593-3297F0DF0E07}.Debug|Any CPU.ActiveCfg = Debug|Any CPU
		{0C5C7A78-2087-463E-B593-3297F0DF0E07}.Debug|Any CPU.Build.0 = Debug|Any CPU
		{0C5C7A78-2087-463E-B593-3297F0DF0E07}.Release|Any CPU.ActiveCfg = Release|Any CPU
		{0C5C7A78-2087-463E-B593-3297F0DF0E07}.Release|Any CPU.Build.0 = Release|Any CPU
		{D61AEA50-CC79-40CD-AD8D-80EF67961741}.Debug|Any CPU.ActiveCfg = Debug|Any CPU
		{D61AEA50-CC79-40CD-AD8D-80EF67961741}.Debug|Any CPU.Build.0 = Debug|Any CPU
		{D61AEA50-CC79-40CD-AD8D-80EF67961741}.Release|Any CPU.ActiveCfg = Release|Any CPU
		{D61AEA50-CC79-40CD-AD8D-80EF67961741}.Release|Any CPU.Build.0 = Release|Any CPU
	EndGlobalSection
	GlobalSection(NestedProjects) = preSolution
		{05DAD43F-5E5F-4206-9EE4-D7D1ADD5BF90} = {7AF61D53-3D64-4522-BE49-E45ABC329CC2}
		{B4DE0A9F-257F-4A60-8FF2-35F2A47FE21B} = {05DAD43F-5E5F-4206-9EE4-D7D1ADD5BF90}
		{B1F24847-EFBF-4C2E-9DFF-8819AAA3BFE0} = {B4DE0A9F-257F-4A60-8FF2-35F2A47FE21B}
		{68CD83BB-9237-4147-A6B9-7B4E8EFBC15A} = {7AF61D53-3D64-4522-BE49-E45ABC329CC2}
		{A7082CE8-49F7-4F15-963D-3677A2CF70F8} = {68CD83BB-9237-4147-A6B9-7B4E8EFBC15A}
		{D4099E57-415A-4552-9577-D00EDF36180C} = {A7082CE8-49F7-4F15-963D-3677A2CF70F8}
		{5B79BA3E-04D5-4A51-9565-1735F5DF1261} = {7AF61D53-3D64-4522-BE49-E45ABC329CC2}
		{E6432BF1-0123-46D8-A53F-1F3ABE397EF1} = {5B79BA3E-04D5-4A51-9565-1735F5DF1261}
		{07A2D112-0F02-4A9D-AC30-45CF6A54E926} = {E6432BF1-0123-46D8-A53F-1F3ABE397EF1}
		{B45FF049-AA72-4B70-87D7-FC40984A6F6E} = {7AF61D53-3D64-4522-BE49-E45ABC329CC2}
		{44F62866-E5B7-4FFC-91CF-4CD6566D0E0E} = {B45FF049-AA72-4B70-87D7-FC40984A6F6E}
		{94D9C49A-839A-4FED-85F3-9BE6AEC88688} = {44F62866-E5B7-4FFC-91CF-4CD6566D0E0E}
		{7D0142CD-F554-42AE-9685-18BD67AAA00A} = {7AF61D53-3D64-4522-BE49-E45ABC329CC2}
		{3ADE0CB0-5D11-4AA9-9D23-C563FBF84FC9} = {7D0142CD-F554-42AE-9685-18BD67AAA00A}
		{0C5C7A78-2087-463E-B593-3297F0DF0E07} = {3ADE0CB0-5D11-4AA9-9D23-C563FBF84FC9}
		{9B5329EA-E4DA-4EFE-B9AD-3F1CAACF6B7D} = {7AF61D53-3D64-4522-BE49-E45ABC329CC2}
		{E7E43630-E77C-4397-A9D6-4DE4D0BF0923} = {9B5329EA-E4DA-4EFE-B9AD-3F1CAACF6B7D}
		{D61AEA50-CC79-40CD-AD8D-80EF67961741} = {E7E43630-E77C-4397-A9D6-4DE4D0BF0923}
	EndGlobalSection
EndGlobal
